
Microsoft Visual Studio Solution File, Format Version 12.00
# Visual Studio Version 18
VisualStudioVersion = 18.0.11205.157
MinimumVisualStudioVersion = 10.0.40219.1
Project("{FAE04EC0-301F-11D3-BF4B-00C04F79EFBC}") = "API", "src\API\API.csproj", "{E0CA385D-73A5-46B4-81B2-BCC5FC76AF2A}"
EndProject
Project("{FAE04EC0-301F-11D3-BF4B-00C04F79EFBC}") = "API.Infrastructure", "src\API.Infrastructure\API.Infrastructure.csproj", "{732646DD-40E8-4A20-91D0-5A3C347ECD89}"
EndProject
Project("{FAE04EC0-301F-11D3-BF4B-00C04F79EFBC}") = "API.Mediator", "src\API.Mediator\API.Mediator.csproj", "{FC1F5760-49C1-4836-99E9-49D6DAD86590}"
EndProject
Project("{2150E333-8FDC-42A3-9474-1A3956D46DE8}") = "src", "src", "{C0BB013B-FDD5-4706-B50E-17F340752EF4}"
EndProject
Project("{2150E333-8FDC-42A3-9474-1A3956D46DE8}") = "aspire", "aspire", "{DCE69707-054E-417D-A819-C65F6460EEB1}"
EndProject
Project("{FAE04EC0-301F-11D3-BF4B-00C04F79EFBC}") = "Aspire.AppHost", "aspire\Aspire\Aspire.AppHost\Aspire.AppHost.csproj", "{372188E0-F63B-4FBE-B7E5-F746DB79F091}"
EndProject
Project("{FAE04EC0-301F-11D3-BF4B-00C04F79EFBC}") = "Aspire.ServiceDefaults", "aspire\Aspire\Aspire.ServiceDefaults\Aspire.ServiceDefaults.csproj", "{F424B16E-9D74-0D84-6962-016A2AC0237B}"
EndProject
Project("{FAE04EC0-301F-11D3-BF4B-00C04F79EFBC}") = "API.Shared", "src\API.Shared\API.Shared.csproj", "{85DAD91D-854A-47E7-B755-D7BD1DC9E88D}"
EndProject
Global
	GlobalSection(SolutionConfigurationPlatforms) = preSolution
		Debug|Any CPU = Debug|Any CPU
		Release|Any CPU = Release|Any CPU
	EndGlobalSection
	GlobalSection(ProjectConfigurationPlatforms) = postSolution
		{E0CA385D-73A5-46B4-81B2-BCC5FC76AF2A}.Debug|Any CPU.ActiveCfg = Debug|Any CPU
		{E0CA385D-73A5-46B4-81B2-BCC5FC76AF2A}.Debug|Any CPU.Build.0 = Debug|Any CPU
		{E0CA385D-73A5-46B4-81B2-BCC5FC76AF2A}.Release|Any CPU.ActiveCfg = Release|Any CPU
		{E0CA385D-73A5-46B4-81B2-BCC5FC76AF2A}.Release|Any CPU.Build.0 = Release|Any CPU
		{732646DD-40E8-4A20-91D0-5A3C347ECD89}.Debug|Any CPU.ActiveCfg = Debug|Any CPU
		{732646DD-40E8-4A20-91D0-5A3C347ECD89}.Debug|Any CPU.Build.0 = Debug|Any CPU
		{732646DD-40E8-4A20-91D0-5A3C347ECD89}.Release|Any CPU.ActiveCfg = Release|Any CPU
		{732646DD-40E8-4A20-91D0-5A3C347ECD89}.Release|Any CPU.Build.0 = Release|Any CPU
		{FC1F5760-49C1-4836-99E9-49D6DAD86590}.Debug|Any CPU.ActiveCfg = Debug|Any CPU
		{FC1F5760-49C1-4836-99E9-49D6DAD86590}.Debug|Any CPU.Build.0 = Debug|Any CPU
		{FC1F5760-49C1-4836-99E9-49D6DAD86590}.Release|Any CPU.ActiveCfg = Release|Any CPU
		{FC1F5760-49C1-4836-99E9-49D6DAD86590}.Release|Any CPU.Build.0 = Release|Any CPU
		{372188E0-F63B-4FBE-B7E5-F746DB79F091}.Debug|Any CPU.ActiveCfg = Debug|Any CPU
		{372188E0-F63B-4FBE-B7E5-F746DB79F091}.Debug|Any CPU.Build.0 = Debug|Any CPU
		{372188E0-F63B-4FBE-B7E5-F746DB79F091}.Release|Any CPU.ActiveCfg = Release|Any CPU
		{372188E0-F63B-4FBE-B7E5-F746DB79F091}.Release|Any CPU.Build.0 = Release|Any CPU
		{F424B16E-9D74-0D84-6962-016A2AC0237B}.Debug|Any CPU.ActiveCfg = Debug|Any CPU
		{F424B16E-9D74-0D84-6962-016A2AC0237B}.Debug|Any CPU.Build.0 = Debug|Any CPU
		{F424B16E-9D74-0D84-6962-016A2AC0237B}.Release|Any CPU.ActiveCfg = Release|Any CPU
		{F424B16E-9D74-0D84-6962-016A2AC0237B}.Release|Any CPU.Build.0 = Release|Any CPU
		{85DAD91D-854A-47E7-B755-D7BD1DC9E88D}.Debug|Any CPU.ActiveCfg = Debug|Any CPU
		{85DAD91D-854A-47E7-B755-D7BD1DC9E88D}.Debug|Any CPU.Build.0 = Debug|Any CPU
		{85DAD91D-854A-47E7-B755-D7BD1DC9E88D}.Release|Any CPU.ActiveCfg = Release|Any CPU
		{85DAD91D-854A-47E7-B755-D7BD1DC9E88D}.Release|Any CPU.Build.0 = Release|Any CPU
	EndGlobalSection
	GlobalSection(SolutionProperties) = preSolution
		HideSolutionNode = FALSE
	EndGlobalSection
	GlobalSection(NestedProjects) = preSolution
		{E0CA385D-73A5-46B4-81B2-BCC5FC76AF2A} = {C0BB013B-FDD5-4706-B50E-17F340752EF4}
		{732646DD-40E8-4A20-91D0-5A3C347ECD89} = {C0BB013B-FDD5-4706-B50E-17F340752EF4}
		{FC1F5760-49C1-4836-99E9-49D6DAD86590} = {C0BB013B-FDD5-4706-B50E-17F340752EF4}
		{372188E0-F63B-4FBE-B7E5-F746DB79F091} = {DCE69707-054E-417D-A819-C65F6460EEB1}
		{F424B16E-9D74-0D84-6962-016A2AC0237B} = {DCE69707-054E-417D-A819-C65F6460EEB1}
		{85DAD91D-854A-47E7-B755-D7BD1DC9E88D} = {C0BB013B-FDD5-4706-B50E-17F340752EF4}
	EndGlobalSection
	GlobalSection(ExtensibilityGlobals) = postSolution
		SolutionGuid = {D46B65AB-3053-48E9-B3C9-998DAA331A7D}
	EndGlobalSection
EndGlobal
